
Microsoft Visual Studio Solution File, Format Version 12.00
# Visual Studio Version 17
VisualStudioVersion = 17.2.32630.192
MinimumVisualStudioVersion = 10.0.40219.1
Project("{9A19103F-16F7-4668-BE54-9A1E7A4F7556}") = "ATBToken", "ATBToken.csproj", "{874F2827-8146-4AE9-BF89-E26301798AF3}"
EndProject
Global
	GlobalSection(SolutionConfigurationPlatforms) = preSolution
		Debug|Any CPU = Debug|Any CPU
		Release|Any CPU = Release|Any CPU
	EndGlobalSection
	GlobalSection(ProjectConfigurationPlatforms) = postSolution
		{874F2827-8146-4AE9-BF89-E26301798AF3}.Debug|Any CPU.ActiveCfg = Debug|Any CPU
		{874F2827-8146-4AE9-BF89-E26301798AF3}.Debug|Any CPU.Build.0 = Debug|Any CPU
		{874F2827-8146-4AE9-BF89-E26301798AF3}.Release|Any CPU.ActiveCfg = Release|Any CPU
		{874F2827-8146-4AE9-BF89-E26301798AF3}.Release|Any CPU.Build.0 = Release|Any CPU
	EndGlobalSection
	GlobalSection(SolutionProperties) = preSolution
		HideSolutionNode = FALSE
	EndGlobalSection
	GlobalSection(ExtensibilityGlobals) = postSolution
		SolutionGuid = {EC6C1685-4F75-4B9A-9F89-E30D878D5DD4}
	EndGlobalSection
EndGlobal
